
Microsoft Visual Studio Solution File, Format Version 12.00
# Visual Studio Version 17
VisualStudioVersion = 17.9.34728.123
MinimumVisualStudioVersion = 10.0.40219.1
Project("{9A19103F-16F7-4668-BE54-9A1E7A4F7556}") = "BulkyWeb", "BulkyWeb\BulkyWeb.csproj", "{BAF34A64-7958-4883-9F7F-1B8CFC70447E}"
EndProject
Project("{FAE04EC0-301F-11D3-BF4B-00C04F79EFBC}") = "Bulky.DataAccess", "Bulky.DataAccess\Bulky.DataAccess.csproj", "{A27CE0B0-9E66-43B4-8925-CB69FEF4C537}"
EndProject
Project("{FAE04EC0-301F-11D3-BF4B-00C04F79EFBC}") = "Bulky.Models", "Bulky.Models\Bulky.Models.csproj", "{E7F8C50C-9F74-4781-AD78-93D92955B383}"
EndProject
Project("{FAE04EC0-301F-11D3-BF4B-00C04F79EFBC}") = "Bulky.Uitlity", "Bulky.Uitlity\Bulky.Uitlity.csproj", "{C8532557-8D52-4392-84DE-9DD527FDF14E}"
EndProject
Global
	GlobalSection(SolutionConfigurationPlatforms) = preSolution
		Debug|Any CPU = Debug|Any CPU
		Release|Any CPU = Release|Any CPU
	EndGlobalSection
	GlobalSection(ProjectConfigurationPlatforms) = postSolution
		{BAF34A64-7958-4883-9F7F-1B8CFC70447E}.Debug|Any CPU.ActiveCfg = Debug|Any CPU
		{BAF34A64-7958-4883-9F7F-1B8CFC70447E}.Debug|Any CPU.Build.0 = Debug|Any CPU
		{BAF34A64-7958-4883-9F7F-1B8CFC70447E}.Release|Any CPU.ActiveCfg = Release|Any CPU
		{BAF34A64-7958-4883-9F7F-1B8CFC70447E}.Release|Any CPU.Build.0 = Release|Any CPU
		{A27CE0B0-9E66-43B4-8925-CB69FEF4C537}.Debug|Any CPU.ActiveCfg = Debug|Any CPU
		{A27CE0B0-9E66-43B4-8925-CB69FEF4C537}.Debug|Any CPU.Build.0 = Debug|Any CPU
		{A27CE0B0-9E66-43B4-8925-CB69FEF4C537}.Release|Any CPU.ActiveCfg = Release|Any CPU
		{A27CE0B0-9E66-43B4-8925-CB69FEF4C537}.Release|Any CPU.Build.0 = Release|Any CPU
		{E7F8C50C-9F74-4781-AD78-93D92955B383}.Debug|Any CPU.ActiveCfg = Debug|Any CPU
		{E7F8C50C-9F74-4781-AD78-93D92955B383}.Debug|Any CPU.Build.0 = Debug|Any CPU
		{E7F8C50C-9F74-4781-AD78-93D92955B383}.Release|Any CPU.ActiveCfg = Release|Any CPU
		{E7F8C50C-9F74-4781-AD78-93D92955B383}.Release|Any CPU.Build.0 = Release|Any CPU
		{C8532557-8D52-4392-84DE-9DD527FDF14E}.Debug|Any CPU.ActiveCfg = Debug|Any CPU
		{C8532557-8D52-4392-84DE-9DD527FDF14E}.Debug|Any CPU.Build.0 = Debug|Any CPU
		{C8532557-8D52-4392-84DE-9DD527FDF14E}.Release|Any CPU.ActiveCfg = Release|Any CPU
		{C8532557-8D52-4392-84DE-9DD527FDF14E}.Release|Any CPU.Build.0 = Release|Any CPU
	EndGlobalSection
	GlobalSection(SolutionProperties) = preSolution
		HideSolutionNode = FALSE
	EndGlobalSection
	GlobalSection(ExtensibilityGlobals) = postSolution
		SolutionGuid = {F077F185-794E-4F92-BD1E-586F7CAC81E1}
	EndGlobalSection
EndGlobal
